
Microsoft Visual Studio Solution File, Format Version 12.00
# Visual Studio Version 17
VisualStudioVersion = 17.11.35327.3
MinimumVisualStudioVersion = 10.0.40219.1
Project("{9A19103F-16F7-4668-BE54-9A1E7A4F7556}") = "NpTcpClientApp", "NpTcpClientApp\NpTcpClientApp.csproj", "{DD1A7E31-4DBC-43A1-8ECF-CE2F1AC41106}"
EndProject
Project("{9A19103F-16F7-4668-BE54-9A1E7A4F7556}") = "NpTcpListenerApp", "NpTcpListenerApp\NpTcpListenerApp.csproj", "{54D91689-9B11-4902-800D-102FD6D7445E}"
EndProject
Project("{FAE04EC0-301F-11D3-BF4B-00C04F79EFBC}") = "NpTcpSocketClient", "NpTcpSocketClient\NpTcpSocketClient.csproj", "{06493F34-E6C6-4468-ADD6-08278FC02846}"
EndProject
Project("{FAE04EC0-301F-11D3-BF4B-00C04F79EFBC}") = "NpTcpSocketServer", "NpTcpSocketServer\NpTcpSocketServer.csproj", "{48C4C1BD-10B1-4DD4-9A3E-E6B01B46BFE2}"
EndProject
Global
	GlobalSection(SolutionConfigurationPlatforms) = preSolution
		Debug|Any CPU = Debug|Any CPU
		Release|Any CPU = Release|Any CPU
	EndGlobalSection
	GlobalSection(ProjectConfigurationPlatforms) = postSolution
		{DD1A7E31-4DBC-43A1-8ECF-CE2F1AC41106}.Debug|Any CPU.ActiveCfg = Debug|Any CPU
		{DD1A7E31-4DBC-43A1-8ECF-CE2F1AC41106}.Debug|Any CPU.Build.0 = Debug|Any CPU
		{DD1A7E31-4DBC-43A1-8ECF-CE2F1AC41106}.Release|Any CPU.ActiveCfg = Release|Any CPU
		{DD1A7E31-4DBC-43A1-8ECF-CE2F1AC41106}.Release|Any CPU.Build.0 = Release|Any CPU
		{54D91689-9B11-4902-800D-102FD6D7445E}.Debug|Any CPU.ActiveCfg = Debug|Any CPU
		{54D91689-9B11-4902-800D-102FD6D7445E}.Debug|Any CPU.Build.0 = Debug|Any CPU
		{54D91689-9B11-4902-800D-102FD6D7445E}.Release|Any CPU.ActiveCfg = Release|Any CPU
		{54D91689-9B11-4902-800D-102FD6D7445E}.Release|Any CPU.Build.0 = Release|Any CPU
		{06493F34-E6C6-4468-ADD6-08278FC02846}.Debug|Any CPU.ActiveCfg = Debug|Any CPU
		{06493F34-E6C6-4468-ADD6-08278FC02846}.Debug|Any CPU.Build.0 = Debug|Any CPU
		{06493F34-E6C6-4468-ADD6-08278FC02846}.Release|Any CPU.ActiveCfg = Release|Any CPU
		{06493F34-E6C6-4468-ADD6-08278FC02846}.Release|Any CPU.Build.0 = Release|Any CPU
		{48C4C1BD-10B1-4DD4-9A3E-E6B01B46BFE2}.Debug|Any CPU.ActiveCfg = Debug|Any CPU
		{48C4C1BD-10B1-4DD4-9A3E-E6B01B46BFE2}.Debug|Any CPU.Build.0 = Debug|Any CPU
		{48C4C1BD-10B1-4DD4-9A3E-E6B01B46BFE2}.Release|Any CPU.ActiveCfg = Release|Any CPU
		{48C4C1BD-10B1-4DD4-9A3E-E6B01B46BFE2}.Release|Any CPU.Build.0 = Release|Any CPU
	EndGlobalSection
	GlobalSection(SolutionProperties) = preSolution
		HideSolutionNode = FALSE
	EndGlobalSection
	GlobalSection(ExtensibilityGlobals) = postSolution
		SolutionGuid = {534420F7-A19B-4DE8-AAAB-CB9140B3D1D5}
	EndGlobalSection
EndGlobal
